
Microsoft Visual Studio Solution File, Format Version 12.00
# Visual Studio Version 17
VisualStudioVersion = 17.5.33516.290
MinimumVisualStudioVersion = 10.0.40219.1
Project("{FAE04EC0-301F-11D3-BF4B-00C04F79EFBC}") = "FileActions", "FileActions.csproj", "{315B0987-9A0C-4EDE-8A49-61A809055CF4}"
EndProject
Project("{FAE04EC0-301F-11D3-BF4B-00C04F79EFBC}") = "Common", "..\Common\Common.csproj", "{084EBA55-B485-455E-AEE5-9BDD55523A80}"
EndProject
Project("{FAE04EC0-301F-11D3-BF4B-00C04F79EFBC}") = "SecuredActions", "..\SecuredActions\SecuredActions.csproj", "{6033CA19-56E3-455B-B4F8-77BFD82AF829}"
EndProject
Global
	GlobalSection(SolutionConfigurationPlatforms) = preSolution
		Debug|Any CPU = Debug|Any CPU
		Release|Any CPU = Release|Any CPU
	EndGlobalSection
	GlobalSection(ProjectConfigurationPlatforms) = postSolution
		{315B0987-9A0C-4EDE-8A49-61A809055CF4}.Debug|Any CPU.ActiveCfg = Debug|Any CPU
		{315B0987-9A0C-4EDE-8A49-61A809055CF4}.Debug|Any CPU.Build.0 = Debug|Any CPU
		{315B0987-9A0C-4EDE-8A49-61A809055CF4}.Release|Any CPU.ActiveCfg = Release|Any CPU
		{315B0987-9A0C-4EDE-8A49-61A809055CF4}.Release|Any CPU.Build.0 = Release|Any CPU
		{084EBA55-B485-455E-AEE5-9BDD55523A80}.Debug|Any CPU.ActiveCfg = Debug|Any CPU
		{084EBA55-B485-455E-AEE5-9BDD55523A80}.Debug|Any CPU.Build.0 = Debug|Any CPU
		{084EBA55-B485-455E-AEE5-9BDD55523A80}.Release|Any CPU.ActiveCfg = Release|Any CPU
		{084EBA55-B485-455E-AEE5-9BDD55523A80}.Release|Any CPU.Build.0 = Release|Any CPU
		{6033CA19-56E3-455B-B4F8-77BFD82AF829}.Debug|Any CPU.ActiveCfg = Debug|Any CPU
		{6033CA19-56E3-455B-B4F8-77BFD82AF829}.Debug|Any CPU.Build.0 = Debug|Any CPU
		{6033CA19-56E3-455B-B4F8-77BFD82AF829}.Release|Any CPU.ActiveCfg = Release|Any CPU
		{6033CA19-56E3-455B-B4F8-77BFD82AF829}.Release|Any CPU.Build.0 = Release|Any CPU
	EndGlobalSection
	GlobalSection(SolutionProperties) = preSolution
		HideSolutionNode = FALSE
	EndGlobalSection
	GlobalSection(ExtensibilityGlobals) = postSolution
		SolutionGuid = {6184BC4B-6D0C-44EB-A2E7-A4F15279FBC5}
	EndGlobalSection
EndGlobal
